
Microsoft Visual Studio Solution File, Format Version 12.00
# Visual Studio 15
VisualStudioVersion = 15.0.28307.757
MinimumVisualStudioVersion = 10.0.40219.1
Project("{FAE04EC0-301F-11D3-BF4B-00C04F79EFBC}") = "COLLINSWEBSHOOP", "COLLINSWEBSHOOP\COLLINSWEBSHOOP.csproj", "{0F8997C0-0551-4650-943B-D87E7BA563FC}"
EndProject
Global
	GlobalSection(SolutionConfigurationPlatforms) = preSolution
		Debug|Any CPU = Debug|Any CPU
		Release|Any CPU = Release|Any CPU
	EndGlobalSection
	GlobalSection(ProjectConfigurationPlatforms) = postSolution
		{0F8997C0-0551-4650-943B-D87E7BA563FC}.Debug|Any CPU.ActiveCfg = Debug|Any CPU
		{0F8997C0-0551-4650-943B-D87E7BA563FC}.Debug|Any CPU.Build.0 = Debug|Any CPU
		{0F8997C0-0551-4650-943B-D87E7BA563FC}.Release|Any CPU.ActiveCfg = Release|Any CPU
		{0F8997C0-0551-4650-943B-D87E7BA563FC}.Release|Any CPU.Build.0 = Release|Any CPU
	EndGlobalSection
	GlobalSection(SolutionProperties) = preSolution
		HideSolutionNode = FALSE
	EndGlobalSection
	GlobalSection(ExtensibilityGlobals) = postSolution
		SolutionGuid = {53CD2C25-F7AC-48FF-9894-18E59F2E35CC}
	EndGlobalSection
EndGlobal
